
Microsoft Visual Studio Solution File, Format Version 12.00
# Visual Studio 15
VisualStudioVersion = 15.0.27130.2036
MinimumVisualStudioVersion = 10.0.40219.1
Project("{9092AA53-FB77-4645-B42D-1CCCA6BD08BD}") = "NodeExample", "NodeExample\NodeExample.njsproj", "{9911F1CA-8531-4E3E-AB75-F9DB13E735BF}"
EndProject
Project("{9092AA53-FB77-4645-B42D-1CCCA6BD08BD}") = "Node-HTTP", "Node-HTTP\Node-HTTP.njsproj", "{3335EC5E-1D5C-4837-A584-930E37D10E90}"
EndProject
Project("{9092AA53-FB77-4645-B42D-1CCCA6BD08BD}") = "Node-Express", "Node-Express\Node-Express.njsproj", "{EC6999FC-A5B5-48D0-A371-036E4B6D54CA}"
EndProject
Project("{9092AA53-FB77-4645-B42D-1CCCA6BD08BD}") = "NodeMongoDB", "NodeMongoDB\NodeMongoDB.njsproj", "{51D68662-D2B1-451B-8B00-88836E27D5F1}"
EndProject
Global
	GlobalSection(SolutionConfigurationPlatforms) = preSolution
		Debug|Any CPU = Debug|Any CPU
		Release|Any CPU = Release|Any CPU
	EndGlobalSection
	GlobalSection(ProjectConfigurationPlatforms) = postSolution
		{9911F1CA-8531-4E3E-AB75-F9DB13E735BF}.Debug|Any CPU.ActiveCfg = Debug|Any CPU
		{9911F1CA-8531-4E3E-AB75-F9DB13E735BF}.Debug|Any CPU.Build.0 = Debug|Any CPU
		{9911F1CA-8531-4E3E-AB75-F9DB13E735BF}.Release|Any CPU.ActiveCfg = Release|Any CPU
		{9911F1CA-8531-4E3E-AB75-F9DB13E735BF}.Release|Any CPU.Build.0 = Release|Any CPU
		{3335EC5E-1D5C-4837-A584-930E37D10E90}.Debug|Any CPU.ActiveCfg = Debug|Any CPU
		{3335EC5E-1D5C-4837-A584-930E37D10E90}.Debug|Any CPU.Build.0 = Debug|Any CPU
		{3335EC5E-1D5C-4837-A584-930E37D10E90}.Release|Any CPU.ActiveCfg = Release|Any CPU
		{3335EC5E-1D5C-4837-A584-930E37D10E90}.Release|Any CPU.Build.0 = Release|Any CPU
		{EC6999FC-A5B5-48D0-A371-036E4B6D54CA}.Debug|Any CPU.ActiveCfg = Debug|Any CPU
		{EC6999FC-A5B5-48D0-A371-036E4B6D54CA}.Debug|Any CPU.Build.0 = Debug|Any CPU
		{EC6999FC-A5B5-48D0-A371-036E4B6D54CA}.Release|Any CPU.ActiveCfg = Release|Any CPU
		{EC6999FC-A5B5-48D0-A371-036E4B6D54CA}.Release|Any CPU.Build.0 = Release|Any CPU
		{51D68662-D2B1-451B-8B00-88836E27D5F1}.Debug|Any CPU.ActiveCfg = Debug|Any CPU
		{51D68662-D2B1-451B-8B00-88836E27D5F1}.Debug|Any CPU.Build.0 = Debug|Any CPU
		{51D68662-D2B1-451B-8B00-88836E27D5F1}.Release|Any CPU.ActiveCfg = Release|Any CPU
		{51D68662-D2B1-451B-8B00-88836E27D5F1}.Release|Any CPU.Build.0 = Release|Any CPU
	EndGlobalSection
	GlobalSection(SolutionProperties) = preSolution
		HideSolutionNode = FALSE
	EndGlobalSection
	GlobalSection(ExtensibilityGlobals) = postSolution
		SolutionGuid = {77911B7C-DA8F-4FF5-A583-52A160844ECD}
	EndGlobalSection
EndGlobal
